# This file is automatically @generated by Poetry 1.8.4 and should not be changed by hand.

[[package]]
name = "attrs"
version = "24.3.0"
description = "Classes Without Boilerplate"
optional = false
python-versions = ">=3.8"
files = [
    {file = "attrs-24.3.0-py3-none-any.whl", hash = "sha256:ac96cd038792094f438ad1f6ff80837353805ac950cd2aa0e0625ef19850c308"},
    {file = "attrs-24.3.0.tar.gz", hash = "sha256:8f5c07333d543103541ba7be0e2ce16eeee8130cb0b3f9238ab904ce1e85baff"},
]

[package.extras]
benchmark = ["cloudpickle", "hypothesis", "mypy (>=1.11.1)", "pympler", "pytest (>=4.3.0)", "pytest-codspeed", "pytest-mypy-plugins", "pytest-xdist[psutil]"]
cov = ["cloudpickle", "coverage[toml] (>=5.3)", "hypothesis", "mypy (>=1.11.1)", "pympler", "pytest (>=4.3.0)", "pytest-mypy-plugins", "pytest-xdist[psutil]"]
dev = ["cloudpickle", "hypothesis", "mypy (>=1.11.1)", "pre-commit-uv", "pympler", "pytest (>=4.3.0)", "pytest-mypy-plugins", "pytest-xdist[psutil]"]
docs = ["cogapp", "furo", "myst-parser", "sphinx", "sphinx-notfound-page", "sphinxcontrib-towncrier", "towncrier (<24.7)"]
tests = ["cloudpickle", "hypothesis", "mypy (>=1.11.1)", "pympler", "pytest (>=4.3.0)", "pytest-mypy-plugins", "pytest-xdist[psutil]"]
tests-mypy = ["mypy (>=1.11.1)", "pytest-mypy-plugins"]

[[package]]
name = "aws-cdk-asset-awscli-v1"
version = "2.2.217"
description = "A library that contains the AWS CLI for use in Lambda Layers"
optional = false
python-versions = "~=3.8"
files = [
    {file = "aws_cdk.asset_awscli_v1-2.2.217-py3-none-any.whl", hash = "sha256:06a3f2bf2eb1a0067829743c2f514094dc21a958b4ad0ab58e589cc3763c6c77"},
    {file = "aws_cdk_asset_awscli_v1-2.2.217.tar.gz", hash = "sha256:b827df8b01c90f165ddd807df833025936b41716322fbc5f76266514f54fb71a"},
]

[package.dependencies]
jsii = ">=1.106.0,<2.0.0"
publication = ">=0.0.3"
typeguard = ">=2.13.3,<4.3.0"

[[package]]
name = "aws-cdk-asset-kubectl-v20"
version = "2.1.3"
description = "A Lambda Layer that contains kubectl v1.20"
optional = false
python-versions = "~=3.8"
files = [
    {file = "aws_cdk.asset_kubectl_v20-2.1.3-py3-none-any.whl", hash = "sha256:d5612e5bd03c215a28ce53193b1144ecf4e93b3b6779563c046a8a74d83a3979"},
    {file = "aws_cdk_asset_kubectl_v20-2.1.3.tar.gz", hash = "sha256:237cd8530d9e8be0bbc7159af927dbb6b7f91bf3f4099c8ef4d9a213b34264be"},
]

[package.dependencies]
jsii = ">=1.103.1,<2.0.0"
publication = ">=0.0.3"
typeguard = ">=2.13.3,<5.0.0"

[[package]]
name = "aws-cdk-asset-node-proxy-agent-v6"
version = "2.1.0"
description = "@aws-cdk/asset-node-proxy-agent-v6"
optional = false
python-versions = "~=3.8"
files = [
    {file = "aws_cdk.asset_node_proxy_agent_v6-2.1.0-py3-none-any.whl", hash = "sha256:24a388b69a44d03bae6dbf864c4e25ba650d4b61c008b4568b94ffbb9a69e40e"},
    {file = "aws_cdk_asset_node_proxy_agent_v6-2.1.0.tar.gz", hash = "sha256:1f292c0631f86708ba4ee328b3a2b229f7e46ea1c79fbde567ee9eb119c2b0e2"},
]

[package.dependencies]
jsii = ">=1.103.1,<2.0.0"
publication = ">=0.0.3"
typeguard = ">=2.13.3,<5.0.0"

[[package]]
name = "aws-cdk-cloud-assembly-schema"
version = "38.0.1"
description = "Cloud Assembly Schema"
optional = false
python-versions = "~=3.8"
files = [
    {file = "aws_cdk.cloud_assembly_schema-38.0.1-py3-none-any.whl", hash = "sha256:92613b46213b460681e9424f09b77f06ff059eb1c773092540364ef82fcecf55"},
    {file = "aws_cdk_cloud_assembly_schema-38.0.1.tar.gz", hash = "sha256:7c75861adc41f7b959910d4b3b191ea242815402e599dbfa31934892838ae25e"},
]

[package.dependencies]
jsii = ">=1.103.1,<2.0.0"
publication = ">=0.0.3"
typeguard = ">=2.13.3,<5.0.0"

[[package]]
name = "aws-cdk-lib"
version = "2.164.1"
description = "Version 2 of the AWS Cloud Development Kit library"
optional = false
python-versions = "~=3.8"
files = [
    {file = "aws_cdk_lib-2.164.1-py3-none-any.whl", hash = "sha256:758a84f806496193684b9fdf995f69cd24ce93fab2eba03a1a4cdb85115d2669"},
    {file = "aws_cdk_lib-2.164.1.tar.gz", hash = "sha256:a0191479e3bed1579eff4df856efd30f34aca033a3b3ac1553743ac55b0820a2"},
]

[package.dependencies]
"aws-cdk.asset-awscli-v1" = ">=2.2.202,<3.0.0"
"aws-cdk.asset-kubectl-v20" = ">=2.1.2,<3.0.0"
"aws-cdk.asset-node-proxy-agent-v6" = ">=2.1.0,<3.0.0"
"aws-cdk.cloud-assembly-schema" = ">=38.0.0,<39.0.0"
constructs = ">=10.0.0,<11.0.0"
jsii = ">=1.103.1,<2.0.0"
publication = ">=0.0.3"
typeguard = ">=2.13.3,<5.0.0"

[[package]]
name = "boto3"
version = "1.35.90"
description = "The AWS SDK for Python"
optional = false
python-versions = ">=3.8"
files = [
    {file = "boto3-1.35.90-py3-none-any.whl", hash = "sha256:b0874233057995a8f0c813f5b45a36c09630e74c43d7a7c64db2feef2915d493"},
    {file = "boto3-1.35.90.tar.gz", hash = "sha256:dc56caaaab2157a4bfc109c88b50cd032f3ac66c06d17f8ee335b798eaf53e5c"},
]

[package.dependencies]
botocore = ">=1.35.90,<1.36.0"
jmespath = ">=0.7.1,<2.0.0"
s3transfer = ">=0.10.0,<0.11.0"

[package.extras]
crt = ["botocore[crt] (>=1.21.0,<2.0a0)"]

[[package]]
name = "botocore"
version = "1.35.90"
description = "Low-level, data-driven core of boto 3."
optional = false
python-versions = ">=3.8"
files = [
    {file = "botocore-1.35.90-py3-none-any.whl", hash = "sha256:51dcbe1b32e2ac43dac17091f401a00ce5939f76afe999081802009cce1e92e4"},
    {file = "botocore-1.35.90.tar.gz", hash = "sha256:f007f58e8e3c1ad0412a6ddfae40ed92a7bca571c068cb959902bcf107f2ae48"},
]

[package.dependencies]
jmespath = ">=0.7.1,<2.0.0"
python-dateutil = ">=2.1,<3.0.0"
urllib3 = {version = ">=1.25.4,<2.2.0 || >2.2.0,<3", markers = "python_version >= \"3.10\""}

[package.extras]
crt = ["awscrt (==0.22.0)"]

[[package]]
name = "cattrs"
version = "24.1.2"
description = "Composable complex class support for attrs and dataclasses."
optional = false
python-versions = ">=3.8"
files = [
    {file = "cattrs-24.1.2-py3-none-any.whl", hash = "sha256:67c7495b760168d931a10233f979b28dc04daf853b30752246f4f8471c6d68d0"},
    {file = "cattrs-24.1.2.tar.gz", hash = "sha256:8028cfe1ff5382df59dd36474a86e02d817b06eaf8af84555441bac915d2ef85"},
]

[package.dependencies]
attrs = ">=23.1.0"

[package.extras]
bson = ["pymongo (>=4.4.0)"]
cbor2 = ["cbor2 (>=5.4.6)"]
msgpack = ["msgpack (>=1.0.5)"]
msgspec = ["msgspec (>=0.18.5)"]
orjson = ["orjson (>=3.9.2)"]
pyyaml = ["pyyaml (>=6.0)"]
tomlkit = ["tomlkit (>=0.11.8)"]
ujson = ["ujson (>=5.7.0)"]

[[package]]
name = "colorama"
version = "0.4.6"
description = "Cross-platform colored terminal text."
optional = false
python-versions = "!=3.0.*,!=3.1.*,!=3.2.*,!=3.3.*,!=3.4.*,!=3.5.*,!=3.6.*,>=2.7"
files = [
    {file = "colorama-0.4.6-py2.py3-none-any.whl", hash = "sha256:4f1d9991f5acc0ca119f9d443620b77f9d6b33703e51011c16baf57afb285fc6"},
    {file = "colorama-0.4.6.tar.gz", hash = "sha256:08695f5cb7ed6e0531a20572697297273c47b8cae5a63ffc6d6ed5c201be6e44"},
]

[[package]]
name = "constructs"
version = "10.4.2"
description = "A programming model for software-defined state"
optional = false
python-versions = "~=3.8"
files = [
    {file = "constructs-10.4.2-py3-none-any.whl", hash = "sha256:1f0f59b004edebfde0f826340698b8c34611f57848139b7954904c61645f13c1"},
    {file = "constructs-10.4.2.tar.gz", hash = "sha256:ce54724360fffe10bab27d8a081844eb81f5ace7d7c62c84b719c49f164d5307"},
]

[package.dependencies]
jsii = ">=1.102.0,<2.0.0"
publication = ">=0.0.3"
typeguard = ">=2.13.3,<2.14.0"

[[package]]
name = "importlib-resources"
version = "6.4.5"
description = "Read resources from Python packages"
optional = false
python-versions = ">=3.8"
files = [
    {file = "importlib_resources-6.4.5-py3-none-any.whl", hash = "sha256:ac29d5f956f01d5e4bb63102a5a19957f1b9175e45649977264a1416783bb717"},
    {file = "importlib_resources-6.4.5.tar.gz", hash = "sha256:980862a1d16c9e147a59603677fa2aa5fd82b87f223b6cb870695bcfce830065"},
]

[package.extras]
check = ["pytest-checkdocs (>=2.4)", "pytest-ruff (>=0.2.1)"]
cover = ["pytest-cov"]
doc = ["furo", "jaraco.packaging (>=9.3)", "jaraco.tidelift (>=1.4)", "rst.linker (>=1.9)", "sphinx (>=3.5)", "sphinx-lint"]
enabler = ["pytest-enabler (>=2.2)"]
test = ["jaraco.test (>=5.4)", "pytest (>=6,!=8.1.*)", "zipp (>=3.17)"]
type = ["pytest-mypy"]

[[package]]
name = "iniconfig"
version = "2.0.0"
description = "brain-dead simple config-ini parsing"
optional = false
python-versions = ">=3.7"
files = [
    {file = "iniconfig-2.0.0-py3-none-any.whl", hash = "sha256:b6a85871a79d2e3b22d2d1b94ac2824226a63c6b741c88f7ae975f18b6778374"},
    {file = "iniconfig-2.0.0.tar.gz", hash = "sha256:2d91e135bf72d31a410b17c16da610a82cb55f6b0477d1a902134b24a455b8b3"},
]

[[package]]
name = "jmespath"
version = "1.0.1"
description = "JSON Matching Expressions"
optional = false
python-versions = ">=3.7"
files = [
    {file = "jmespath-1.0.1-py3-none-any.whl", hash = "sha256:02e2e4cc71b5bcab88332eebf907519190dd9e6e82107fa7f83b1003a6252980"},
    {file = "jmespath-1.0.1.tar.gz", hash = "sha256:90261b206d6defd58fdd5e85f478bf633a2901798906be2ad389150c5c60edbe"},
]

[[package]]
name = "jsii"
version = "1.106.0"
description = "Python client for jsii runtime"
optional = false
python-versions = "~=3.8"
files = [
    {file = "jsii-1.106.0-py3-none-any.whl", hash = "sha256:5a44d7c3a5a326fa3d9befdb3770b380057e0a61e3804e7c4907f70d76afaaa2"},
    {file = "jsii-1.106.0.tar.gz", hash = "sha256:c79c47899f53a7c3c4b20f80d3cd306628fe9ed1852eee970324c71eba1d974e"},
]

[package.dependencies]
attrs = ">=21.2,<25.0"
cattrs = ">=1.8,<24.2"
importlib-resources = ">=5.2.0"
publication = ">=0.0.3"
python-dateutil = "*"
typeguard = ">=2.13.3,<4.5.0"
typing-extensions = ">=3.8,<5.0"

[[package]]
name = "packaging"
version = "24.2"
description = "Core utilities for Python packages"
optional = false
python-versions = ">=3.8"
files = [
    {file = "packaging-24.2-py3-none-any.whl", hash = "sha256:09abb1bccd265c01f4a3aa3f7a7db064b36514d2cba19a2f694fe6150451a759"},
    {file = "packaging-24.2.tar.gz", hash = "sha256:c228a6dc5e932d346bc5739379109d49e8853dd8223571c7c5b55260edc0b97f"},
]

[[package]]
name = "pluggy"
version = "1.5.0"
description = "plugin and hook calling mechanisms for python"
optional = false
python-versions = ">=3.8"
files = [
    {file = "pluggy-1.5.0-py3-none-any.whl", hash = "sha256:44e1ad92c8ca002de6377e165f3e0f1be63266ab4d554740532335b9d75ea669"},
    {file = "pluggy-1.5.0.tar.gz", hash = "sha256:2cffa88e94fdc978c4c574f15f9e59b7f4201d439195c3715ca9e2486f1d0cf1"},
]

[package.extras]
dev = ["pre-commit", "tox"]
testing = ["pytest", "pytest-benchmark"]

[[package]]
name = "publication"
version = "0.0.3"
description = "Publication helps you maintain public-api-friendly modules by preventing unintentional access to private implementation details via introspection."
optional = false
python-versions = "*"
files = [
    {file = "publication-0.0.3-py2.py3-none-any.whl", hash = "sha256:0248885351febc11d8a1098d5c8e3ab2dabcf3e8c0c96db1e17ecd12b53afbe6"},
    {file = "publication-0.0.3.tar.gz", hash = "sha256:68416a0de76dddcdd2930d1c8ef853a743cc96c82416c4e4d3b5d901c6276dc4"},
]

[[package]]
name = "pytest"
version = "8.3.4"
description = "pytest: simple powerful testing with Python"
optional = false
python-versions = ">=3.8"
files = [
    {file = "pytest-8.3.4-py3-none-any.whl", hash = "sha256:50e16d954148559c9a74109af1eaf0c945ba2d8f30f0a3d3335edde19788b6f6"},
    {file = "pytest-8.3.4.tar.gz", hash = "sha256:965370d062bce11e73868e0335abac31b4d3de0e82f4007408d242b4f8610761"},
]

[package.dependencies]
colorama = {version = "*", markers = "sys_platform == \"win32\""}
iniconfig = "*"
packaging = "*"
pluggy = ">=1.5,<2"

[package.extras]
dev = ["argcomplete", "attrs (>=19.2)", "hypothesis (>=3.56)", "mock", "pygments (>=2.7.2)", "requests", "setuptools", "xmlschema"]

[[package]]
name = "python-dateutil"
version = "2.9.0.post0"
description = "Extensions to the standard Python datetime module"
optional = false
python-versions = "!=3.0.*,!=3.1.*,!=3.2.*,>=2.7"
files = [
    {file = "python-dateutil-2.9.0.post0.tar.gz", hash = "sha256:37dd54208da7e1cd875388217d5e00ebd4179249f90fb72437e91a35459a0ad3"},
    {file = "python_dateutil-2.9.0.post0-py2.py3-none-any.whl", hash = "sha256:a8b2bc7bffae282281c8140a97d3aa9c14da0b136dfe83f850eea9a5f7470427"},
]

[package.dependencies]
six = ">=1.5"

[[package]]
name = "s3transfer"
version = "0.10.4"
description = "An Amazon S3 Transfer Manager"
optional = false
python-versions = ">=3.8"
files = [
    {file = "s3transfer-0.10.4-py3-none-any.whl", hash = "sha256:244a76a24355363a68164241438de1b72f8781664920260c48465896b712a41e"},
    {file = "s3transfer-0.10.4.tar.gz", hash = "sha256:29edc09801743c21eb5ecbc617a152df41d3c287f67b615f73e5f750583666a7"},
]

[package.dependencies]
botocore = ">=1.33.2,<2.0a.0"

[package.extras]
crt = ["botocore[crt] (>=1.33.2,<2.0a.0)"]

[[package]]
name = "six"
version = "1.17.0"
description = "Python 2 and 3 compatibility utilities"
optional = false
python-versions = "!=3.0.*,!=3.1.*,!=3.2.*,>=2.7"
files = [
    {file = "six-1.17.0-py2.py3-none-any.whl", hash = "sha256:4721f391ed90541fddacab5acf947aa0d3dc7d27b2e1e8eda2be8970586c3274"},
    {file = "six-1.17.0.tar.gz", hash = "sha256:ff70335d468e7eb6ec65b95b99d3a2836546063f63acc5171de367e834932a81"},
]

[[package]]
name = "typeguard"
version = "2.13.3"
description = "Run-time type checker for Python"
optional = false
python-versions = ">=3.5.3"
files = [
    {file = "typeguard-2.13.3-py3-none-any.whl", hash = "sha256:5e3e3be01e887e7eafae5af63d1f36c849aaa94e3a0112097312aabfa16284f1"},
    {file = "typeguard-2.13.3.tar.gz", hash = "sha256:00edaa8da3a133674796cf5ea87d9f4b4c367d77476e185e80251cc13dfbb8c4"},
]

[package.extras]
doc = ["sphinx-autodoc-typehints (>=1.2.0)", "sphinx-rtd-theme"]
test = ["mypy", "pytest", "typing-extensions"]

[[package]]
name = "typing-extensions"
version = "4.12.2"
description = "Backported and Experimental Type Hints for Python 3.8+"
optional = false
python-versions = ">=3.8"
files = [
    {file = "typing_extensions-4.12.2-py3-none-any.whl", hash = "sha256:04e5ca0351e0f3f85c6853954072df659d0d13fac324d0072316b67d7794700d"},
    {file = "typing_extensions-4.12.2.tar.gz", hash = "sha256:1a7ead55c7e559dd4dee8856e3a88b41225abfe1ce8df57b7c13915fe121ffb8"},
]

[[package]]
name = "urllib3"
version = "2.3.0"
description = "HTTP library with thread-safe connection pooling, file post, and more."
optional = false
python-versions = ">=3.9"
files = [
    {file = "urllib3-2.3.0-py3-none-any.whl", hash = "sha256:1cee9ad369867bfdbbb48b7dd50374c0967a0bb7710050facf0dd6911440e3df"},
    {file = "urllib3-2.3.0.tar.gz", hash = "sha256:f8c5449b3cf0861679ce7e0503c7b44b5ec981bec0d1d3795a07f1ba96f0204d"},
]

[package.extras]
brotli = ["brotli (>=1.0.9)", "brotlicffi (>=0.8.0)"]
h2 = ["h2 (>=4,<5)"]
socks = ["pysocks (>=1.5.6,!=1.5.7,<2.0)"]
zstd = ["zstandard (>=0.18.0)"]

[metadata]
lock-version = "2.0"
python-versions = "^3.11"
content-hash = "5c88cf76ac2c7ed08c0422bd31c63ee449b0dd0420c4dcf7ddfab14459f545cf"
